{
  "requires": true,
  "lockfileVersion": 1,
  "dependencies": {
    "heap-min-max": {
      "version": "1.0.4",
      "resolved": "https://registry.npmjs.org/heap-min-max/-/heap-min-max-1.0.4.tgz",
      "integrity": "sha512-+frrenCslP3gix/CdK5c/eJ8zUd3LZ7MlV/MkUS2mZmdJJUZ3CGjiZTyMkV3jL3gPUR4ODH8ZeNwsTHgC3FY0w=="
    }
  }
}
